
Microsoft Visual Studio Solution File, Format Version 12.00
# Visual Studio 2012
Project("{FAE04EC0-301F-11D3-BF4B-00C04F79EFBC}") = "Bookstore.Web", "Bookstore.Web\Bookstore.Web.csproj", "{3CA81F81-1C47-4291-984D-E4AED234FA8E}"
	ProjectSection(ProjectDependencies) = postProject
		{7678AE8D-62E0-4B74-81E2-1EF1CC618250} = {7678AE8D-62E0-4B74-81E2-1EF1CC618250}
	EndProjectSection
EndProject
Project("{FAE04EC0-301F-11D3-BF4B-00C04F79EFBC}") = "Bookstore.Api", "Bookstore.Api\Bookstore.Api.csproj", "{7678AE8D-62E0-4B74-81E2-1EF1CC618250}"
EndProject
Global
	GlobalSection(SolutionConfigurationPlatforms) = preSolution
		Debug|Any CPU = Debug|Any CPU
		Release|Any CPU = Release|Any CPU
	EndGlobalSection
	GlobalSection(ProjectConfigurationPlatforms) = postSolution
		{3CA81F81-1C47-4291-984D-E4AED234FA8E}.Debug|Any CPU.ActiveCfg = Debug|Any CPU
		{3CA81F81-1C47-4291-984D-E4AED234FA8E}.Debug|Any CPU.Build.0 = Debug|Any CPU
		{3CA81F81-1C47-4291-984D-E4AED234FA8E}.Release|Any CPU.ActiveCfg = Release|Any CPU
		{3CA81F81-1C47-4291-984D-E4AED234FA8E}.Release|Any CPU.Build.0 = Release|Any CPU
		{7678AE8D-62E0-4B74-81E2-1EF1CC618250}.Debug|Any CPU.ActiveCfg = Debug|Any CPU
		{7678AE8D-62E0-4B74-81E2-1EF1CC618250}.Debug|Any CPU.Build.0 = Debug|Any CPU
		{7678AE8D-62E0-4B74-81E2-1EF1CC618250}.Release|Any CPU.ActiveCfg = Release|Any CPU
		{7678AE8D-62E0-4B74-81E2-1EF1CC618250}.Release|Any CPU.Build.0 = Release|Any CPU
	EndGlobalSection
	GlobalSection(SolutionProperties) = preSolution
		HideSolutionNode = FALSE
	EndGlobalSection
	GlobalSection(ExtensibilityGlobals) = postSolution
		EnterpriseLibraryConfigurationToolBinariesPath = packages\Unity.2.1.505.2\lib\NET35
	EndGlobalSection
EndGlobal
