
Microsoft Visual Studio Solution File, Format Version 12.00
# Visual Studio 2012
Project("{2150E333-8FDC-42A3-9474-1A3956D46DE8}") = "Test", "Test", "{7D62720B-8019-4924-83DB-B79C197D2295}"
EndProject
Project("{FAE04EC0-301F-11D3-BF4B-00C04F79EFBC}") = "Bookstore.Web", "Bookstore.Web\Bookstore.Web.csproj", "{3CA81F81-1C47-4291-984D-E4AED234FA8E}"
	ProjectSection(ProjectDependencies) = postProject
		{7678AE8D-62E0-4B74-81E2-1EF1CC618250} = {7678AE8D-62E0-4B74-81E2-1EF1CC618250}
	EndProjectSection
EndProject
Project("{FAE04EC0-301F-11D3-BF4B-00C04F79EFBC}") = "Bookstore.Api", "Bookstore.Api\Bookstore.Api.csproj", "{7678AE8D-62E0-4B74-81E2-1EF1CC618250}"
EndProject
Project("{FAE04EC0-301F-11D3-BF4B-00C04F79EFBC}") = "Bookstore.Features", "Bookstore.Features\Bookstore.Features.csproj", "{80F697A2-10E4-4FD4-AEB3-447907EBFCD2}"
EndProject
Project("{FAE04EC0-301F-11D3-BF4B-00C04F79EFBC}") = "Bookstore.Units", "Bookstore.Units\Bookstore.Units.csproj", "{46CCA46B-3EFA-474B-B138-E73707981D6A}"
EndProject
Project("{FAE04EC0-301F-11D3-BF4B-00C04F79EFBC}") = "Bookstore.Integration", "Bookstore.Integration\Bookstore.Integration.csproj", "{E18DC333-85E1-49BC-BE7D-21E624BD9C6E}"
	ProjectSection(ProjectDependencies) = postProject
		{7678AE8D-62E0-4B74-81E2-1EF1CC618250} = {7678AE8D-62E0-4B74-81E2-1EF1CC618250}
	EndProjectSection
EndProject
Global
	GlobalSection(SolutionConfigurationPlatforms) = preSolution
		Debug|Any CPU = Debug|Any CPU
		Release|Any CPU = Release|Any CPU
	EndGlobalSection
	GlobalSection(ProjectConfigurationPlatforms) = postSolution
		{3CA81F81-1C47-4291-984D-E4AED234FA8E}.Debug|Any CPU.ActiveCfg = Debug|Any CPU
		{3CA81F81-1C47-4291-984D-E4AED234FA8E}.Debug|Any CPU.Build.0 = Debug|Any CPU
		{3CA81F81-1C47-4291-984D-E4AED234FA8E}.Release|Any CPU.ActiveCfg = Release|Any CPU
		{3CA81F81-1C47-4291-984D-E4AED234FA8E}.Release|Any CPU.Build.0 = Release|Any CPU
		{7678AE8D-62E0-4B74-81E2-1EF1CC618250}.Debug|Any CPU.ActiveCfg = Debug|Any CPU
		{7678AE8D-62E0-4B74-81E2-1EF1CC618250}.Debug|Any CPU.Build.0 = Debug|Any CPU
		{7678AE8D-62E0-4B74-81E2-1EF1CC618250}.Release|Any CPU.ActiveCfg = Release|Any CPU
		{7678AE8D-62E0-4B74-81E2-1EF1CC618250}.Release|Any CPU.Build.0 = Release|Any CPU
		{80F697A2-10E4-4FD4-AEB3-447907EBFCD2}.Debug|Any CPU.ActiveCfg = Debug|Any CPU
		{80F697A2-10E4-4FD4-AEB3-447907EBFCD2}.Debug|Any CPU.Build.0 = Debug|Any CPU
		{80F697A2-10E4-4FD4-AEB3-447907EBFCD2}.Release|Any CPU.ActiveCfg = Release|Any CPU
		{80F697A2-10E4-4FD4-AEB3-447907EBFCD2}.Release|Any CPU.Build.0 = Release|Any CPU
		{46CCA46B-3EFA-474B-B138-E73707981D6A}.Debug|Any CPU.ActiveCfg = Debug|Any CPU
		{46CCA46B-3EFA-474B-B138-E73707981D6A}.Debug|Any CPU.Build.0 = Debug|Any CPU
		{46CCA46B-3EFA-474B-B138-E73707981D6A}.Release|Any CPU.ActiveCfg = Release|Any CPU
		{46CCA46B-3EFA-474B-B138-E73707981D6A}.Release|Any CPU.Build.0 = Release|Any CPU
		{E18DC333-85E1-49BC-BE7D-21E624BD9C6E}.Debug|Any CPU.ActiveCfg = Debug|Any CPU
		{E18DC333-85E1-49BC-BE7D-21E624BD9C6E}.Debug|Any CPU.Build.0 = Debug|Any CPU
		{E18DC333-85E1-49BC-BE7D-21E624BD9C6E}.Release|Any CPU.ActiveCfg = Release|Any CPU
		{E18DC333-85E1-49BC-BE7D-21E624BD9C6E}.Release|Any CPU.Build.0 = Release|Any CPU
	EndGlobalSection
	GlobalSection(SolutionProperties) = preSolution
		HideSolutionNode = FALSE
	EndGlobalSection
	GlobalSection(NestedProjects) = preSolution
		{80F697A2-10E4-4FD4-AEB3-447907EBFCD2} = {7D62720B-8019-4924-83DB-B79C197D2295}
		{46CCA46B-3EFA-474B-B138-E73707981D6A} = {7D62720B-8019-4924-83DB-B79C197D2295}
		{E18DC333-85E1-49BC-BE7D-21E624BD9C6E} = {7D62720B-8019-4924-83DB-B79C197D2295}
	EndGlobalSection
	GlobalSection(ExtensibilityGlobals) = postSolution
		EnterpriseLibraryConfigurationToolBinariesPath = packages\Unity.2.1.505.2\lib\NET35
	EndGlobalSection
EndGlobal
